{
  "requires": true,
  "lockfileVersion": 1,
  "dependencies": {
    "@fortawesome/fontawesome-common-types": {
      "version": "0.2.36",
      "resolved": "https://registry.npmjs.org/@fortawesome/fontawesome-common-types/-/fontawesome-common-types-0.2.36.tgz",
      "integrity": "sha512-a/7BiSgobHAgBWeN7N0w+lAhInrGxksn13uK7231n2m8EDPE3BMCl9NZLTGrj9ZXfCmC6LM0QLqXidIizVQ6yg=="
    },
    "@fortawesome/fontawesome-svg-core": {
      "version": "1.2.36",
      "resolved": "https://registry.npmjs.org/@fortawesome/fontawesome-svg-core/-/fontawesome-svg-core-1.2.36.tgz",
      "integrity": "sha512-YUcsLQKYb6DmaJjIHdDWpBIGCcyE/W+p/LMGvjQem55Mm2XWVAP5kWTMKWLv9lwpCVjpLxPyOMOyUocP1GxrtA==",
      "requires": {
        "@fortawesome/fontawesome-common-types": "^0.2.36"
      }
    },
    "@fortawesome/free-solid-svg-icons": {
      "version": "5.15.4",
      "resolved": "https://registry.npmjs.org/@fortawesome/free-solid-svg-icons/-/free-solid-svg-icons-5.15.4.tgz",
      "integrity": "sha512-JLmQfz6tdtwxoihXLg6lT78BorrFyCf59SAwBM6qV/0zXyVeDygJVb3fk+j5Qat+Yvcxp1buLTY5iDh1ZSAQ8w==",
      "requires": {
        "@fortawesome/fontawesome-common-types": "^0.2.36"
      }
    },
    "@fortawesome/react-native-fontawesome": {
      "version": "0.2.7",
      "resolved": "https://registry.npmjs.org/@fortawesome/react-native-fontawesome/-/react-native-fontawesome-0.2.7.tgz",
      "integrity": "sha512-H3FjE01PDKGTZW+pXMsaCklT0FADaHo4D+Ni63BSXNQclmFgKj2Xlky37cx0s1BaIIw1geuHcyg0hdFxbACusw==",
      "requires": {
        "humps": "^2.0.1",
        "prop-types": "^15.7.2"
      }
    },
    "@jest/types": {
      "version": "27.4.2",
      "resolved": "https://registry.npmjs.org/@jest/types/-/types-27.4.2.tgz",
      "integrity": "sha512-j35yw0PMTPpZsUoOBiuHzr1zTYoad1cVIE0ajEjcrJONxxrko/IRGKkXx3os0Nsi4Hu3+5VmDbVfq5WhG/pWAg==",
      "dev": true,
      "requires": {
        "@types/istanbul-lib-coverage": "^2.0.0",
        "@types/istanbul-reports": "^3.0.0",
        "@types/node": "*",
        "@types/yargs": "^16.0.0",
        "chalk": "^4.0.0"
      },
      "dependencies": {
        "@types/yargs": {
          "version": "16.0.4",
          "resolved": "https://registry.npmjs.org/@types/yargs/-/yargs-16.0.4.tgz",
          "integrity": "sha512-T8Yc9wt/5LbJyCaLiHPReJa0kApcIgJ7Bn735GjItUfh08Z1pJvu8QZqb9s+mMvKV6WUQRV7K2R46YbjMXTTJw==",
          "dev": true,
          "requires": {
            "@types/yargs-parser": "*"
          }
        },
        "ansi-styles": {
          "version": "4.3.0",
          "resolved": "https://registry.npmjs.org/ansi-styles/-/ansi-styles-4.3.0.tgz",
          "integrity": "sha512-zbB9rCJAT1rbjiVDb2hqKFHNYLxgtk8NURxZ3IZwD3F6NtxbXZQCnnSi1Lkx+IDohdPlFp222wVALIheZJQSEg==",
          "dev": true,
          "requires": {
            "color-convert": "^2.0.1"
          }
        },
        "chalk": {
          "version": "4.1.2",
          "resolved": "https://registry.npmjs.org/chalk/-/chalk-4.1.2.tgz",
          "integrity": "sha512-oKnbhFyRIXpUuez8iBMmyEa4nbj4IOQyuhc/wy9kY7/WVPcwIO9VA668Pu8RkO7+0G76SLROeyw9CpQ061i4mA==",
          "dev": true,
          "requires": {
            "ansi-styles": "^4.1.0",
            "supports-color": "^7.1.0"
          }
        },
        "color-convert": {
          "version": "2.0.1",
          "resolved": "https://registry.npmjs.org/color-convert/-/color-convert-2.0.1.tgz",
          "integrity": "sha512-RRECPsj7iu/xb5oKYcsFHSppFNnsj/52OVTRKb4zP5onXwVF3zVmmToNcOfGC+CRDpfK/U584fMg38ZHCaElKQ==",
          "dev": true,
          "requires": {
            "color-name": "~1.1.4"
          }
        },
        "color-name": {
          "version": "1.1.4",
          "resolved": "https://registry.npmjs.org/color-name/-/color-name-1.1.4.tgz",
          "integrity": "sha512-dOy+3AuW3a2wNbZHIuMZpTcgjGuLU/uBL/ubcZF9OXbDo8ff4O8yVp5Bf0efS8uEoYo5q4Fx7dY9OgQGXgAsQA==",
          "dev": true
        },
        "has-flag": {
          "version": "4.0.0",
          "resolved": "https://registry.npmjs.org/has-flag/-/has-flag-4.0.0.tgz",
          "integrity": "sha512-EykJT/Q1KjTWctppgIAgfSO0tKVuZUjhgMr17kqTumMl6Afv3EISleU7qZUzoXDFTAHTDC4NOoG/ZxU3EvlMPQ==",
          "dev": true
        },
        "supports-color": {
          "version": "7.2.0",
          "resolved": "https://registry.npmjs.org/supports-color/-/supports-color-7.2.0.tgz",
          "integrity": "sha512-qpCAvRl9stuOHveKsn7HncJRvv501qIacKzQlO/+Lwxc9+0q2wLyv4Dfvt80/DPn2pqOBsJdDiogXGR9+OvwRw==",
          "dev": true,
          "requires": {
            "has-flag": "^4.0.0"
          }
        }
      }
    },
    "@react-native-community/masked-view": {
      "version": "0.1.10",
      "resolved": "https://registry.npmjs.org/@react-native-community/masked-view/-/masked-view-0.1.10.tgz",
      "integrity": "sha512-rk4sWFsmtOw8oyx8SD3KSvawwaK7gRBSEIy2TAwURyGt+3TizssXP1r8nx3zY+R7v2vYYHXZ+k2/GULAT/bcaQ=="
    },
    "@react-navigation/core": {
      "version": "5.15.2",
      "resolved": "https://registry.npmjs.org/@react-navigation/core/-/core-5.15.2.tgz",
      "integrity": "sha512-jNSP0FMu1N6Pa1Slsy8b/JbmlTAXcVeXVwnxrEMVGWeiNqUVYl+tx1FuQAqi3q1m4cg9ygXkGsgLgRmnXAEC8g==",
      "requires": {
        "@react-navigation/routers": "^5.7.2",
        "escape-string-regexp": "^4.0.0",
        "nanoid": "^3.1.15",
        "query-string": "^6.13.6",
        "react-is": "^16.13.0"
      },
      "dependencies": {
        "escape-string-regexp": {
          "version": "4.0.0",
          "resolved": "https://registry.npmjs.org/escape-string-regexp/-/escape-string-regexp-4.0.0.tgz",
          "integrity": "sha512-TtpcNJ3XAzx3Gq8sWRzJaVajRs0uVxA2YAkdb1jm2YkPz4G6egUFAyA3n5vtEIZefPk5Wa4UXbKuS5fKkJWdgA=="
        },
        "react-is": {
          "version": "16.13.1",
          "resolved": "https://registry.npmjs.org/react-is/-/react-is-16.13.1.tgz",
          "integrity": "sha512-24e6ynE2H+OKt4kqsOvNd8kBpV65zoxbA4BVsEOB3ARVWQki/DHzaUoC5KuON/BiccDaCCTZBuOcfZs70kR8bQ=="
        }
      }
    },
    "@react-navigation/native": {
      "version": "5.9.3",
      "resolved": "https://registry.npmjs.org/@react-navigation/native/-/native-5.9.3.tgz",
      "integrity": "sha512-xaRlCDRVuFGxHsP/IetwLdNvLJwIJBYCUIx/ufWs6QkT9Q0EB0DtKzXCItuHydjMEVPd1Cy7lfjUlSM6hZ6Q3Q==",
      "requires": {
        "@react-navigation/core": "^5.15.2",
        "escape-string-regexp": "^4.0.0",
        "nanoid": "^3.1.15"
      },
      "dependencies": {
        "escape-string-regexp": {
          "version": "4.0.0",
          "resolved": "https://registry.npmjs.org/escape-string-regexp/-/escape-string-regexp-4.0.0.tgz",
          "integrity": "sha512-TtpcNJ3XAzx3Gq8sWRzJaVajRs0uVxA2YAkdb1jm2YkPz4G6egUFAyA3n5vtEIZefPk5Wa4UXbKuS5fKkJWdgA=="
        }
      }
    },
    "@react-navigation/routers": {
      "version": "5.7.2",
      "resolved": "https://registry.npmjs.org/@react-navigation/routers/-/routers-5.7.2.tgz",
      "integrity": "sha512-BxNSMLHpU+oS37Xok0ql6rc9U7IC8aUD4+U5ZPbjDJ0pwzZxGGh0YOEBzfV4k/Ig3cbPdvVWbc1C9HHbCVr2oQ==",
      "requires": {
        "nanoid": "^3.1.15"
      }
    },
    "@react-navigation/stack": {
      "version": "5.14.3",
      "resolved": "https://registry.npmjs.org/@react-navigation/stack/-/stack-5.14.3.tgz",
      "integrity": "sha512-7rHc13DHsYP7l7GcgBcLEyX2/IAuCcRZ1Iu3MtOZSayjvFXxBBYKFKw0OyY9NxOfZUdLl3Q3mLiUHVFZkHMcuA==",
      "requires": {
        "color": "^3.1.3",
        "react-native-iphone-x-helper": "^1.3.0"
      }
    },
    "@types/istanbul-lib-coverage": {
      "version": "2.0.3",
      "resolved": "https://registry.npmjs.org/@types/istanbul-lib-coverage/-/istanbul-lib-coverage-2.0.3.tgz",
      "integrity": "sha512-sz7iLqvVUg1gIedBOvlkxPlc8/uVzyS5OwGz1cKjXzkl3FpL3al0crU8YGU1WoHkxn0Wxbw5tyi6hvzJKNzFsw==",
      "dev": true
    },
    "@types/istanbul-lib-report": {
      "version": "3.0.0",
      "resolved": "https://registry.npmjs.org/@types/istanbul-lib-report/-/istanbul-lib-report-3.0.0.tgz",
      "integrity": "sha512-plGgXAPfVKFoYfa9NpYDAkseG+g6Jr294RqeqcqDixSbU34MZVJRi/P+7Y8GDpzkEwLaGZZOpKIEmeVZNtKsrg==",
      "dev": true,
      "requires": {
        "@types/istanbul-lib-coverage": "*"
      }
    },
    "@types/istanbul-reports": {
      "version": "3.0.1",
      "resolved": "https://registry.npmjs.org/@types/istanbul-reports/-/istanbul-reports-3.0.1.tgz",
      "integrity": "sha512-c3mAZEuK0lvBp8tmuL74XRKn1+y2dcwOUpH7x4WrF6gk1GIgiluDRgMYQtw2OFcBvAJWlt6ASU3tSqxp0Uu0Aw==",
      "dev": true,
      "requires": {
        "@types/istanbul-lib-report": "*"
      }
    },
    "@types/jest": {
      "version": "27.0.3",
      "resolved": "https://registry.npmjs.org/@types/jest/-/jest-27.0.3.tgz",
      "integrity": "sha512-cmmwv9t7gBYt7hNKH5Spu7Kuu/DotGa+Ff+JGRKZ4db5eh8PnKS4LuebJ3YLUoyOyIHraTGyULn23YtEAm0VSg==",
      "dev": true,
      "requires": {
        "jest-diff": "^27.0.0",
        "pretty-format": "^27.0.0"
      }
    },
    "@types/node": {
      "version": "17.0.4",
      "resolved": "https://registry.npmjs.org/@types/node/-/node-17.0.4.tgz",
      "integrity": "sha512-6xwbrW4JJiJLgF+zNypN5wr2ykM9/jHcL7rQ8fZe2vuftggjzZeRSM4OwRc6Xk8qWjwJ99qVHo/JgOGmomWRog==",
      "dev": true
    },
    "@types/prop-types": {
      "version": "15.7.4",
      "resolved": "https://registry.npmjs.org/@types/prop-types/-/prop-types-15.7.4.tgz",
      "integrity": "sha512-rZ5drC/jWjrArrS8BR6SIr4cWpW09RNTYt9AMZo3Jwwif+iacXAqgVjm0B0Bv/S1jhDXKHqRVNCbACkJ89RAnQ==",
      "dev": true
    },
    "@types/react": {
      "version": "17.0.38",
      "resolved": "https://registry.npmjs.org/@types/react/-/react-17.0.38.tgz",
      "integrity": "sha512-SI92X1IA+FMnP3qM5m4QReluXzhcmovhZnLNm3pyeQlooi02qI7sLiepEYqT678uNiyc25XfCqxREFpy3W7YhQ==",
      "dev": true,
      "requires": {
        "@types/prop-types": "*",
        "@types/scheduler": "*",
        "csstype": "^3.0.2"
      }
    },
    "@types/react-native": {
      "version": "0.66.10",
      "resolved": "https://registry.npmjs.org/@types/react-native/-/react-native-0.66.10.tgz",
      "integrity": "sha512-3AyXa3YB918I0Mk6kyebnVJSe3JsVETestSPPzU5YFmIMnri2yS1KRIxMIpoVm2hu/as0PkIfsbjVvoEMKNT8A==",
      "dev": true,
      "requires": {
        "@types/react": "*"
      }
    },
    "@types/react-test-renderer": {
      "version": "17.0.1",
      "resolved": "https://registry.npmjs.org/@types/react-test-renderer/-/react-test-renderer-17.0.1.tgz",
      "integrity": "sha512-3Fi2O6Zzq/f3QR9dRnlnHso9bMl7weKCviFmfF6B4LS1Uat6Hkm15k0ZAQuDz+UBq6B3+g+NM6IT2nr5QgPzCw==",
      "dev": true,
      "requires": {
        "@types/react": "*"
      }
    },
    "@types/scheduler": {
      "version": "0.16.2",
      "resolved": "https://registry.npmjs.org/@types/scheduler/-/scheduler-0.16.2.tgz",
      "integrity": "sha512-hppQEBDmlwhFAXKJX2KnWLYu5yMfi91yazPb2l+lbJiwW+wdo1gNeRA+3RgNSO39WYX2euey41KEwnqesU2Jew==",
      "dev": true
    },
    "@types/yargs-parser": {
      "version": "20.2.0",
      "resolved": "https://registry.npmjs.org/@types/yargs-parser/-/yargs-parser-20.2.0.tgz",
      "integrity": "sha512-37RSHht+gzzgYeobbG+KWryeAW8J33Nhr69cjTqSYymXVZEN9NbRYWoYlRtDhHKPVT1FyNKwaTPC1NynKZpzRA==",
      "dev": true
    },
    "color": {
      "version": "3.1.3",
      "resolved": "https://registry.npmjs.org/color/-/color-3.1.3.tgz",
      "integrity": "sha512-xgXAcTHa2HeFCGLE9Xs/R82hujGtu9Jd9x4NW3T34+OMs7VoPsjwzRczKHvTAHeJwWFwX5j15+MgAppE8ztObQ==",
      "requires": {
        "color-convert": "^1.9.1",
        "color-string": "^1.5.4"
      }
    },
    "color-convert": {
      "version": "1.9.3",
      "resolved": "https://registry.npmjs.org/color-convert/-/color-convert-1.9.3.tgz",
      "integrity": "sha512-QfAUtd+vFdAtFQcC8CCyYt1fYWxSqAiK2cSD6zDB8N3cpsEBAvRxp9zOGg6G/SHHJYAT88/az/IuDGALsNVbGg==",
      "requires": {
        "color-name": "1.1.3"
      }
    },
    "color-name": {
      "version": "1.1.3",
      "resolved": "https://registry.npmjs.org/color-name/-/color-name-1.1.3.tgz",
      "integrity": "sha1-p9BVi9icQveV3UIyj3QIMcpTvCU="
    },
    "color-string": {
      "version": "1.5.5",
      "resolved": "https://registry.npmjs.org/color-string/-/color-string-1.5.5.tgz",
      "integrity": "sha512-jgIoum0OfQfq9Whcfc2z/VhCNcmQjWbey6qBX0vqt7YICflUmBCh9E9CiQD5GSJ+Uehixm3NUwHVhqUAWRivZg==",
      "requires": {
        "color-name": "^1.0.0",
        "simple-swizzle": "^0.2.2"
      }
    },
    "csstype": {
      "version": "3.0.10",
      "resolved": "https://registry.npmjs.org/csstype/-/csstype-3.0.10.tgz",
      "integrity": "sha512-2u44ZG2OcNUO9HDp/Jl8C07x6pU/eTR3ncV91SiK3dhG9TWvRVsCoJw14Ckx5DgWkzGA3waZWO3d7pgqpUI/XA==",
      "dev": true
    },
    "d3-array": {
      "version": "1.2.4",
      "resolved": "https://registry.npmjs.org/d3-array/-/d3-array-1.2.4.tgz",
      "integrity": "sha512-KHW6M86R+FUPYGb3R5XiYjXPq7VzwxZ22buHhAEVG5ztoEcZZMLov530mmccaqA1GghZArjQV46fuc8kUqhhHw=="
    },
    "d3-collection": {
      "version": "1.0.7",
      "resolved": "https://registry.npmjs.org/d3-collection/-/d3-collection-1.0.7.tgz",
      "integrity": "sha512-ii0/r5f4sjKNTfh84Di+DpztYwqKhEyUlKoPrzUFfeSkWxjW49xU2QzO9qrPrNkpdI0XJkfzvmTu8V2Zylln6A=="
    },
    "d3-color": {
      "version": "1.4.1",
      "resolved": "https://registry.npmjs.org/d3-color/-/d3-color-1.4.1.tgz",
      "integrity": "sha512-p2sTHSLCJI2QKunbGb7ocOh7DgTAn8IrLx21QRc/BSnodXM4sv6aLQlnfpvehFMLZEfBc6g9pH9SWQccFYfJ9Q=="
    },
    "d3-ease": {
      "version": "1.0.7",
      "resolved": "https://registry.npmjs.org/d3-ease/-/d3-ease-1.0.7.tgz",
      "integrity": "sha512-lx14ZPYkhNx0s/2HX5sLFUI3mbasHjSSpwO/KaaNACweVwxUruKyWVcb293wMv1RqTPZyZ8kSZ2NogUZNcLOFQ=="
    },
    "d3-format": {
      "version": "1.4.5",
      "resolved": "https://registry.npmjs.org/d3-format/-/d3-format-1.4.5.tgz",
      "integrity": "sha512-J0piedu6Z8iB6TbIGfZgDzfXxUFN3qQRMofy2oPdXzQibYGqPB/9iMcxr/TGalU+2RsyDO+U4f33id8tbnSRMQ=="
    },
    "d3-interpolate": {
      "version": "1.4.0",
      "resolved": "https://registry.npmjs.org/d3-interpolate/-/d3-interpolate-1.4.0.tgz",
      "integrity": "sha512-V9znK0zc3jOPV4VD2zZn0sDhZU3WAE2bmlxdIwwQPPzPjvyLkd8B3JUVdS1IDUFDkWZ72c9qnv1GK2ZagTZ8EA==",
      "requires": {
        "d3-color": "1"
      }
    },
    "d3-path": {
      "version": "1.0.9",
      "resolved": "https://registry.npmjs.org/d3-path/-/d3-path-1.0.9.tgz",
      "integrity": "sha512-VLaYcn81dtHVTjEHd8B+pbe9yHWpXKZUC87PzoFmsFrJqgFwDe/qxfp5MlfsfM1V5E/iVt0MmEbWQ7FVIXh/bg=="
    },
    "d3-scale": {
      "version": "1.0.7",
      "resolved": "https://registry.npmjs.org/d3-scale/-/d3-scale-1.0.7.tgz",
      "integrity": "sha512-KvU92czp2/qse5tUfGms6Kjig0AhHOwkzXG0+PqIJB3ke0WUv088AHMZI0OssO9NCkXt4RP8yju9rpH8aGB7Lw==",
      "requires": {
        "d3-array": "^1.2.0",
        "d3-collection": "1",
        "d3-color": "1",
        "d3-format": "1",
        "d3-interpolate": "1",
        "d3-time": "1",
        "d3-time-format": "2"
      }
    },
    "d3-shape": {
      "version": "1.3.7",
      "resolved": "https://registry.npmjs.org/d3-shape/-/d3-shape-1.3.7.tgz",
      "integrity": "sha512-EUkvKjqPFUAZyOlhY5gzCxCeI0Aep04LwIRpsZ/mLFelJiUfnK56jo5JMDSE7yyP2kLSb6LtF+S5chMk7uqPqw==",
      "requires": {
        "d3-path": "1"
      }
    },
    "d3-time": {
      "version": "1.1.0",
      "resolved": "https://registry.npmjs.org/d3-time/-/d3-time-1.1.0.tgz",
      "integrity": "sha512-Xh0isrZ5rPYYdqhAVk8VLnMEidhz5aP7htAADH6MfzgmmicPkTo8LhkLxci61/lCB7n7UmE3bN0leRt+qvkLxA=="
    },
    "d3-time-format": {
      "version": "2.3.0",
      "resolved": "https://registry.npmjs.org/d3-time-format/-/d3-time-format-2.3.0.tgz",
      "integrity": "sha512-guv6b2H37s2Uq/GefleCDtbe0XZAuy7Wa49VGkPVPMfLL9qObgBST3lEHJBMUp8S7NdLQAGIvr2KXk8Hc98iKQ==",
      "requires": {
        "d3-time": "1"
      }
    },
    "d3-timer": {
      "version": "1.0.10",
      "resolved": "https://registry.npmjs.org/d3-timer/-/d3-timer-1.0.10.tgz",
      "integrity": "sha512-B1JDm0XDaQC+uvo4DT79H0XmBskgS3l6Ve+1SBCfxgmtIb1AVrPIoqd+nPSv+loMX8szQ0sVUhGngL7D5QPiXw=="
    },
    "d3-voronoi": {
      "version": "1.1.4",
      "resolved": "https://registry.npmjs.org/d3-voronoi/-/d3-voronoi-1.1.4.tgz",
      "integrity": "sha512-dArJ32hchFsrQ8uMiTBLq256MpnZjeuBtdHpaDlYuQyjU0CVzCJl/BVW+SkszaAeH95D/8gxqAhgx0ouAWAfRg=="
    },
    "decode-uri-component": {
      "version": "0.2.0",
      "resolved": "https://registry.npmjs.org/decode-uri-component/-/decode-uri-component-0.2.0.tgz",
      "integrity": "sha1-6zkTMzRYd1y4TNGh+uBiEGu4dUU="
    },
    "delaunator": {
      "version": "4.0.1",
      "resolved": "https://registry.npmjs.org/delaunator/-/delaunator-4.0.1.tgz",
      "integrity": "sha512-WNPWi1IRKZfCt/qIDMfERkDp93+iZEmOxN2yy4Jg+Xhv8SLk2UTqqbe1sfiipn0and9QrE914/ihdx82Y/Giag=="
    },
    "delaunay-find": {
      "version": "0.0.5",
      "resolved": "https://registry.npmjs.org/delaunay-find/-/delaunay-find-0.0.5.tgz",
      "integrity": "sha512-7yAJ/wmKWj3SgqjtkGqT/RCwI0HWAo5YnHMoF5nYXD8cdci+YSo23iPmgrZUNOpDxRWN91PqxUvMMr2lKpjr+w==",
      "requires": {
        "delaunator": "^4.0.0"
      }
    },
    "diff-sequences": {
      "version": "27.4.0",
      "resolved": "https://registry.npmjs.org/diff-sequences/-/diff-sequences-27.4.0.tgz",
      "integrity": "sha512-YqiQzkrsmHMH5uuh8OdQFU9/ZpADnwzml8z0O5HvRNda+5UZsaX/xN+AAxfR2hWq1Y7HZnAzO9J5lJXOuDz2Ww==",
      "dev": true
    },
    "filter-obj": {
      "version": "1.1.0",
      "resolved": "https://registry.npmjs.org/filter-obj/-/filter-obj-1.1.0.tgz",
      "integrity": "sha1-mzERErxsYSehbgFsbF1/GeCAXFs="
    },
    "humps": {
      "version": "2.0.1",
      "resolved": "https://registry.npmjs.org/humps/-/humps-2.0.1.tgz",
      "integrity": "sha1-3QLqYIG9BWjcXQcxhEY5V7qe+ao="
    },
    "internmap": {
      "version": "1.0.1",
      "resolved": "https://registry.npmjs.org/internmap/-/internmap-1.0.1.tgz",
      "integrity": "sha512-lDB5YccMydFBtasVtxnZ3MRBHuaoE8GKsppq+EchKL2U4nK/DmEpPHNH8MZe5HkMtpSiTSOZwfN0tzYjO/lJEw=="
    },
    "jest-diff": {
      "version": "27.4.2",
      "resolved": "https://registry.npmjs.org/jest-diff/-/jest-diff-27.4.2.tgz",
      "integrity": "sha512-ujc9ToyUZDh9KcqvQDkk/gkbf6zSaeEg9AiBxtttXW59H/AcqEYp1ciXAtJp+jXWva5nAf/ePtSsgWwE5mqp4Q==",
      "dev": true,
      "requires": {
        "chalk": "^4.0.0",
        "diff-sequences": "^27.4.0",
        "jest-get-type": "^27.4.0",
        "pretty-format": "^27.4.2"
      },
      "dependencies": {
        "ansi-styles": {
          "version": "4.3.0",
          "resolved": "https://registry.npmjs.org/ansi-styles/-/ansi-styles-4.3.0.tgz",
          "integrity": "sha512-zbB9rCJAT1rbjiVDb2hqKFHNYLxgtk8NURxZ3IZwD3F6NtxbXZQCnnSi1Lkx+IDohdPlFp222wVALIheZJQSEg==",
          "dev": true,
          "requires": {
            "color-convert": "^2.0.1"
          }
        },
        "chalk": {
          "version": "4.1.2",
          "resolved": "https://registry.npmjs.org/chalk/-/chalk-4.1.2.tgz",
          "integrity": "sha512-oKnbhFyRIXpUuez8iBMmyEa4nbj4IOQyuhc/wy9kY7/WVPcwIO9VA668Pu8RkO7+0G76SLROeyw9CpQ061i4mA==",
          "dev": true,
          "requires": {
            "ansi-styles": "^4.1.0",
            "supports-color": "^7.1.0"
          }
        },
        "color-convert": {
          "version": "2.0.1",
          "resolved": "https://registry.npmjs.org/color-convert/-/color-convert-2.0.1.tgz",
          "integrity": "sha512-RRECPsj7iu/xb5oKYcsFHSppFNnsj/52OVTRKb4zP5onXwVF3zVmmToNcOfGC+CRDpfK/U584fMg38ZHCaElKQ==",
          "dev": true,
          "requires": {
            "color-name": "~1.1.4"
          }
        },
        "color-name": {
          "version": "1.1.4",
          "resolved": "https://registry.npmjs.org/color-name/-/color-name-1.1.4.tgz",
          "integrity": "sha512-dOy+3AuW3a2wNbZHIuMZpTcgjGuLU/uBL/ubcZF9OXbDo8ff4O8yVp5Bf0efS8uEoYo5q4Fx7dY9OgQGXgAsQA==",
          "dev": true
        },
        "has-flag": {
          "version": "4.0.0",
          "resolved": "https://registry.npmjs.org/has-flag/-/has-flag-4.0.0.tgz",
          "integrity": "sha512-EykJT/Q1KjTWctppgIAgfSO0tKVuZUjhgMr17kqTumMl6Afv3EISleU7qZUzoXDFTAHTDC4NOoG/ZxU3EvlMPQ==",
          "dev": true
        },
        "jest-get-type": {
          "version": "27.4.0",
          "resolved": "https://registry.npmjs.org/jest-get-type/-/jest-get-type-27.4.0.tgz",
          "integrity": "sha512-tk9o+ld5TWq41DkK14L4wox4s2D9MtTpKaAVzXfr5CUKm5ZK2ExcaFE0qls2W71zE/6R2TxxrK9w2r6svAFDBQ==",
          "dev": true
        },
        "supports-color": {
          "version": "7.2.0",
          "resolved": "https://registry.npmjs.org/supports-color/-/supports-color-7.2.0.tgz",
          "integrity": "sha512-qpCAvRl9stuOHveKsn7HncJRvv501qIacKzQlO/+Lwxc9+0q2wLyv4Dfvt80/DPn2pqOBsJdDiogXGR9+OvwRw==",
          "dev": true,
          "requires": {
            "has-flag": "^4.0.0"
          }
        }
      }
    },
    "js-tokens": {
      "version": "4.0.0",
      "resolved": "https://registry.npmjs.org/js-tokens/-/js-tokens-4.0.0.tgz",
      "integrity": "sha512-RdJUflcE3cUzKiMqQgsCu06FPu9UdIJO0beYbPhHN4k6apgJtifcoCtT9bcxOpYBtpD2kCM6Sbzg4CausW/PKQ=="
    },
    "json-stringify-safe": {
      "version": "5.0.1",
      "resolved": "https://registry.npmjs.org/json-stringify-safe/-/json-stringify-safe-5.0.1.tgz",
      "integrity": "sha1-Epai1Y/UXxmg9s4B1lcB4sc1tus="
    },
    "lodash": {
      "version": "4.17.21",
      "resolved": "https://registry.npmjs.org/lodash/-/lodash-4.17.21.tgz",
      "integrity": "sha512-v2kDEe57lecTulaDIuNTPy3Ry4gLGJ6Z1O3vE1krgXZNrsQ+LFTGHVxVjcXPs17LhbZVGedAJv8XZ1tvj5FvSg=="
    },
    "loose-envify": {
      "version": "1.4.0",
      "resolved": "https://registry.npmjs.org/loose-envify/-/loose-envify-1.4.0.tgz",
      "integrity": "sha512-lyuxPGr/Wfhrlem2CL/UcnUc1zcqKAImBDzukY7Y5F/yQiNdko6+fRLevlw1HgMySw7f611UIY408EtxRSoK3Q==",
      "requires": {
        "js-tokens": "^3.0.0 || ^4.0.0"
      }
    },
    "nanoid": {
      "version": "3.1.21",
      "resolved": "https://registry.npmjs.org/nanoid/-/nanoid-3.1.21.tgz",
      "integrity": "sha512-A6oZraK4DJkAOICstsGH98dvycPr/4GGDH7ZWKmMdd3vGcOurZ6JmWFUt0DA5bzrrn2FrUjmv6mFNWvv8jpppA=="
    },
    "object-assign": {
      "version": "4.1.1",
      "resolved": "https://registry.npmjs.org/object-assign/-/object-assign-4.1.1.tgz",
      "integrity": "sha1-IQmtx5ZYh8/AXLvUQsrIv7s2CGM="
    },
    "pretty-format": {
      "version": "27.4.2",
      "resolved": "https://registry.npmjs.org/pretty-format/-/pretty-format-27.4.2.tgz",
      "integrity": "sha512-p0wNtJ9oLuvgOQDEIZ9zQjZffK7KtyR6Si0jnXULIDwrlNF8Cuir3AZP0hHv0jmKuNN/edOnbMjnzd4uTcmWiw==",
      "dev": true,
      "requires": {
        "@jest/types": "^27.4.2",
        "ansi-regex": "^5.0.1",
        "ansi-styles": "^5.0.0",
        "react-is": "^17.0.1"
      },
      "dependencies": {
        "ansi-regex": {
          "version": "5.0.1",
          "resolved": "https://registry.npmjs.org/ansi-regex/-/ansi-regex-5.0.1.tgz",
          "integrity": "sha512-quJQXlTSUGL2LH9SUXo8VwsY4soanhgo6LNSm84E1LBcE8s3O0wpdiRzyR9z/ZZJMlMWv37qOOb9pdJlMUEKFQ==",
          "dev": true
        },
        "ansi-styles": {
          "version": "5.2.0",
          "resolved": "https://registry.npmjs.org/ansi-styles/-/ansi-styles-5.2.0.tgz",
          "integrity": "sha512-Cxwpt2SfTzTtXcfOlzGEee8O+c+MmUgGrNiBcXnuWxuFJHe6a5Hz7qwhwe5OgaSYI0IJvkLqWX1ASG+cJOkEiA==",
          "dev": true
        }
      }
    },
    "prop-types": {
      "version": "15.7.2",
      "resolved": "https://registry.npmjs.org/prop-types/-/prop-types-15.7.2.tgz",
      "integrity": "sha512-8QQikdH7//R2vurIJSutZ1smHYTcLpRWEOlHnzcWHmBYrOGUysKwSsrC89BCiFj3CbrfJ/nXFdJepOVrY1GCHQ==",
      "requires": {
        "loose-envify": "^1.4.0",
        "object-assign": "^4.1.1",
        "react-is": "^16.8.1"
      },
      "dependencies": {
        "react-is": {
          "version": "16.13.1",
          "resolved": "https://registry.npmjs.org/react-is/-/react-is-16.13.1.tgz",
          "integrity": "sha512-24e6ynE2H+OKt4kqsOvNd8kBpV65zoxbA4BVsEOB3ARVWQki/DHzaUoC5KuON/BiccDaCCTZBuOcfZs70kR8bQ=="
        }
      }
    },
    "query-string": {
      "version": "6.14.1",
      "resolved": "https://registry.npmjs.org/query-string/-/query-string-6.14.1.tgz",
      "integrity": "sha512-XDxAeVmpfu1/6IjyT/gXHOl+S0vQ9owggJ30hhWKdHAsNPOcasn5o9BW0eejZqL2e4vMjhAxoW3jVHcD6mbcYw==",
      "requires": {
        "decode-uri-component": "^0.2.0",
        "filter-obj": "^1.1.0",
        "split-on-first": "^1.0.0",
        "strict-uri-encode": "^2.0.0"
      }
    },
    "react-fast-compare": {
      "version": "2.0.4",
      "resolved": "https://registry.npmjs.org/react-fast-compare/-/react-fast-compare-2.0.4.tgz",
      "integrity": "sha512-suNP+J1VU1MWFKcyt7RtjiSWUjvidmQSlqu+eHslq+342xCbGTYmC0mEhPCOHxlW0CywylOC1u2DFAT+bv4dBw=="
    },
    "react-is": {
      "version": "17.0.2",
      "resolved": "https://registry.npmjs.org/react-is/-/react-is-17.0.2.tgz",
      "integrity": "sha512-w2GsyukL62IJnlaff/nRegPQR94C/XXamvMWmSHRJ4y7Ts/4ocGRmTHvOs8PSE6pB3dWOrD/nueuU5sduBsQ4w==",
      "dev": true
    },
    "react-native-iphone-x-helper": {
      "version": "1.3.1",
      "resolved": "https://registry.npmjs.org/react-native-iphone-x-helper/-/react-native-iphone-x-helper-1.3.1.tgz",
      "integrity": "sha512-HOf0jzRnq2/aFUcdCJ9w9JGzN3gdEg0zFE4FyYlp4jtidqU03D5X7ZegGKfT1EWteR0gPBGp9ye5T5FvSWi9Yg=="
    },
    "simple-swizzle": {
      "version": "0.2.2",
      "resolved": "https://registry.npmjs.org/simple-swizzle/-/simple-swizzle-0.2.2.tgz",
      "integrity": "sha1-pNprY1/8zMoz9w0Xy5JZLeleVXo=",
      "requires": {
        "is-arrayish": "^0.3.1"
      },
      "dependencies": {
        "is-arrayish": {
          "version": "0.3.2",
          "resolved": "https://registry.npmjs.org/is-arrayish/-/is-arrayish-0.3.2.tgz",
          "integrity": "sha512-eVRqCvVlZbuw3GrM63ovNSNAeA1K16kaR/LRY/92w0zxQ5/1YzwblUX652i4Xs9RwAGjW9d9y6X88t8OaAJfWQ=="
        }
      }
    },
    "split-on-first": {
      "version": "1.1.0",
      "resolved": "https://registry.npmjs.org/split-on-first/-/split-on-first-1.1.0.tgz",
      "integrity": "sha512-43ZssAJaMusuKWL8sKUBQXHWOpq8d6CfN/u1p4gUzfJkM05C8rxTmYrkIPTXapZpORA6LkkzcUulJ8FqA7Uudw=="
    },
    "strict-uri-encode": {
      "version": "2.0.0",
      "resolved": "https://registry.npmjs.org/strict-uri-encode/-/strict-uri-encode-2.0.0.tgz",
      "integrity": "sha1-ucczDHBChi9rFC3CdLvMWGbONUY="
    },
    "typescript": {
      "version": "4.5.4",
      "resolved": "https://registry.npmjs.org/typescript/-/typescript-4.5.4.tgz",
      "integrity": "sha512-VgYs2A2QIRuGphtzFV7aQJduJ2gyfTljngLzjpfW9FoYZF6xuw1W0vW9ghCKLfcWrCFxK81CSGRAvS1pn4fIUg==",
      "dev": true
    },
    "victory": {
      "version": "35.4.11",
      "resolved": "https://registry.npmjs.org/victory/-/victory-35.4.11.tgz",
      "integrity": "sha512-sl+dwS6cMEBw0ibsUgzFjmmK7CIiha+0SzPVOC5vHkvAD/La+tiG/rGBFOCIiral1d0q+JxV+SBDJXq9jMgIPw==",
      "requires": {
        "victory-area": "^35.4.11",
        "victory-axis": "^35.4.11",
        "victory-bar": "^35.4.11",
        "victory-box-plot": "^35.4.11",
        "victory-brush-container": "^35.4.11",
        "victory-brush-line": "^35.4.11",
        "victory-candlestick": "^35.4.11",
        "victory-chart": "^35.4.11",
        "victory-core": "^35.4.11",
        "victory-create-container": "^35.4.11",
        "victory-cursor-container": "^35.4.11",
        "victory-errorbar": "^35.4.11",
        "victory-group": "^35.4.11",
        "victory-histogram": "^35.4.11",
        "victory-legend": "^35.4.11",
        "victory-line": "^35.4.11",
        "victory-pie": "^35.4.11",
        "victory-polar-axis": "^35.4.11",
        "victory-scatter": "^35.4.11",
        "victory-selection-container": "^35.4.11",
        "victory-shared-events": "^35.4.11",
        "victory-stack": "^35.4.11",
        "victory-tooltip": "^35.4.11",
        "victory-voronoi": "^35.4.11",
        "victory-voronoi-container": "^35.4.11",
        "victory-zoom-container": "^35.4.11"
      }
    },
    "victory-area": {
      "version": "35.4.11",
      "resolved": "https://registry.npmjs.org/victory-area/-/victory-area-35.4.11.tgz",
      "integrity": "sha512-5HHJhSe8sRUfvfGIC6U9UsbL9mkWCtbCCBjLFLkCb0STmLcaVd2hsahX7TqEIxvsRKgflGwRfd6MPKi64LYJrg==",
      "requires": {
        "d3-shape": "^1.2.0",
        "lodash": "^4.17.19",
        "prop-types": "^15.5.8",
        "victory-core": "^35.4.11"
      }
    },
    "victory-axis": {
      "version": "35.4.11",
      "resolved": "https://registry.npmjs.org/victory-axis/-/victory-axis-35.4.11.tgz",
      "integrity": "sha512-qrBWFXGCg3Nip0zZZxqjkPcrYSuIO44agXymNpLYey3XsNPSiQ/iwx6pcF6E34uENaB0wfDomQZgXIdGr8H6Qw==",
      "requires": {
        "lodash": "^4.17.19",
        "prop-types": "^15.5.8",
        "victory-core": "^35.4.11"
      }
    },
    "victory-bar": {
      "version": "35.4.11",
      "resolved": "https://registry.npmjs.org/victory-bar/-/victory-bar-35.4.11.tgz",
      "integrity": "sha512-/btO14sBFJjhqqi2f+MJ2nol4U272QanRPT6yAd9NGtIEeNXsxbjo6pD6se/fzX3BLMjeTP8Euif1xS0bmMjUA==",
      "requires": {
        "d3-shape": "^1.2.0",
        "lodash": "^4.17.19",
        "prop-types": "^15.5.8",
        "victory-core": "^35.4.11"
      }
    },
    "victory-box-plot": {
      "version": "35.4.11",
      "resolved": "https://registry.npmjs.org/victory-box-plot/-/victory-box-plot-35.4.11.tgz",
      "integrity": "sha512-k4fQH66A6I48ELoIk61c37+RhlhqU0OU5m6vvQ7VzTUJEQCYyA5v6FGMG4me2N+nIE11kNtE4Yoc2aWd5zHnIA==",
      "requires": {
        "d3-array": "^1.2.0",
        "lodash": "^4.17.19",
        "prop-types": "^15.5.8",
        "victory-core": "^35.4.11"
      }
    },
    "victory-brush-container": {
      "version": "35.4.11",
      "resolved": "https://registry.npmjs.org/victory-brush-container/-/victory-brush-container-35.4.11.tgz",
      "integrity": "sha512-eG1i58ddXRhCv4tibT+1p55aJs7f1RE4QyaAuYRNoIGtOAHc4tC5uImrU667N+q4KSUYreuKwC7r8sHxobGJNg==",
      "requires": {
        "lodash": "^4.17.19",
        "prop-types": "^15.5.8",
        "react-fast-compare": "^2.0.0",
        "victory-core": "^35.4.11"
      }
    },
    "victory-brush-line": {
      "version": "35.4.11",
      "resolved": "https://registry.npmjs.org/victory-brush-line/-/victory-brush-line-35.4.11.tgz",
      "integrity": "sha512-1jzHO1be2ciHnAg3BEg1GHxzAWwwHMFPvTwcygkeaGBKGo8WZdABRYa/6JVCK3mAKyx+E4ubsPcNhaCzrSlOFg==",
      "requires": {
        "lodash": "^4.17.19",
        "prop-types": "^15.5.8",
        "react-fast-compare": "^2.0.0",
        "victory-core": "^35.4.11"
      }
    },
    "victory-candlestick": {
      "version": "35.4.11",
      "resolved": "https://registry.npmjs.org/victory-candlestick/-/victory-candlestick-35.4.11.tgz",
      "integrity": "sha512-Xf1ICFFmBhlk8P/hV7KkYP0xi6+00PlqfWYu3eglW1FhkIB9smIIRgFDwOqDWauUVb+eTGgr+hWc8EgVDwO2pg==",
      "requires": {
        "lodash": "^4.17.19",
        "prop-types": "^15.5.8",
        "victory-core": "^35.4.11"
      }
    },
    "victory-chart": {
      "version": "35.4.11",
      "resolved": "https://registry.npmjs.org/victory-chart/-/victory-chart-35.4.11.tgz",
      "integrity": "sha512-LPdoVX8LVzmHjE6mQQMWNFfqy8WnuN5UnBiWiKhQB1HNiCwL2JPWsSqaDIdV8flGBKSZzKDgsLmMABxGjwfBcg==",
      "requires": {
        "lodash": "^4.17.19",
        "prop-types": "^15.5.8",
        "react-fast-compare": "^2.0.0",
        "victory-axis": "^35.4.11",
        "victory-core": "^35.4.11",
        "victory-polar-axis": "^35.4.11",
        "victory-shared-events": "^35.4.11"
      }
    },
    "victory-core": {
      "version": "35.4.11",
      "resolved": "https://registry.npmjs.org/victory-core/-/victory-core-35.4.11.tgz",
      "integrity": "sha512-vXcX9pgZqUN7FLFn1Z2SfzBBBu3PyyN46kfKaNjcJbVnhdxtnmN8MfYtXx3eJGIJlv0FsTrPY8fpBYQpYHho4w==",
      "requires": {
        "d3-ease": "^1.0.0",
        "d3-interpolate": "^1.1.1",
        "d3-scale": "^1.0.0",
        "d3-shape": "^1.2.0",
        "d3-timer": "^1.0.0",
        "lodash": "^4.17.19",
        "prop-types": "^15.5.8",
        "react-fast-compare": "^2.0.0"
      }
    },
    "victory-create-container": {
      "version": "35.4.11",
      "resolved": "https://registry.npmjs.org/victory-create-container/-/victory-create-container-35.4.11.tgz",
      "integrity": "sha512-v0CHqIvxupH76hBAcBe6nSwhqKOdnF7A94sLB0MCByeLI6ayWQ/PWRegjzYwYak2LjHvd9PvyChQkQhVstLGZw==",
      "requires": {
        "lodash": "^4.17.19",
        "victory-brush-container": "^35.4.11",
        "victory-core": "^35.4.11",
        "victory-cursor-container": "^35.4.11",
        "victory-selection-container": "^35.4.11",
        "victory-voronoi-container": "^35.4.11",
        "victory-zoom-container": "^35.4.11"
      }
    },
    "victory-cursor-container": {
      "version": "35.4.11",
      "resolved": "https://registry.npmjs.org/victory-cursor-container/-/victory-cursor-container-35.4.11.tgz",
      "integrity": "sha512-UUKzKUUAaiSqMgVQbY5Z/X4vwRMi3m6WVIhT+1NIv8q9SrLBY5qXb21WcuF2u5rKeq1hcyioC7ZiGG3j9ZkgOQ==",
      "requires": {
        "lodash": "^4.17.19",
        "prop-types": "^15.5.8",
        "victory-core": "^35.4.11"
      }
    },
    "victory-errorbar": {
      "version": "35.4.11",
      "resolved": "https://registry.npmjs.org/victory-errorbar/-/victory-errorbar-35.4.11.tgz",
      "integrity": "sha512-2QU1qVk4q73jHNw+a7MyjnWsnU7dhOhaBI/uMrlgd3cUY29xsKeLSlRw/yuHGQ7Ovn4WN7mMXBSULIWMcv76vg==",
      "requires": {
        "lodash": "^4.17.19",
        "prop-types": "^15.5.8",
        "victory-core": "^35.4.11"
      }
    },
    "victory-group": {
      "version": "35.4.11",
      "resolved": "https://registry.npmjs.org/victory-group/-/victory-group-35.4.11.tgz",
      "integrity": "sha512-pqb4n77MvopvCrLY8twjoFk6ariJD8nFG08uTLA83Phqo28J2TfWZBGzGES4/uLL/FIms4h7gtGcq5qgwlaLTQ==",
      "requires": {
        "lodash": "^4.17.19",
        "prop-types": "^15.5.8",
        "react-fast-compare": "^2.0.0",
        "victory-core": "^35.4.11",
        "victory-shared-events": "^35.4.11"
      }
    },
    "victory-histogram": {
      "version": "35.4.11",
      "resolved": "https://registry.npmjs.org/victory-histogram/-/victory-histogram-35.4.11.tgz",
      "integrity": "sha512-y9vsUJfsQK3vvDNozXz39LCes59xYcyXZmExe6uB/pr+2lr0PtM8FAQAD2u0Vdc35h1ObTGuqqhdj7gXc9nezw==",
      "requires": {
        "d3-array": "^2.4.0",
        "d3-scale": "^1.0.0",
        "lodash": "^4.17.19",
        "prop-types": "^15.5.8",
        "react-fast-compare": "^2.0.0",
        "victory-bar": "^35.4.11",
        "victory-core": "^35.4.11"
      },
      "dependencies": {
        "d3-array": {
          "version": "2.12.0",
          "resolved": "https://registry.npmjs.org/d3-array/-/d3-array-2.12.0.tgz",
          "integrity": "sha512-T6H/qNldyD/1OlRkJbonb3u3MPhNwju8OPxYv0YSjDb/B2RUeeBEHzIpNrYiinwpmz8+am+puMrpcrDWgY9wRg==",
          "requires": {
            "internmap": "^1.0.0"
          }
        }
      }
    },
    "victory-legend": {
      "version": "35.4.11",
      "resolved": "https://registry.npmjs.org/victory-legend/-/victory-legend-35.4.11.tgz",
      "integrity": "sha512-3E5DKYrkrqtC1YeqNHixRpfXYHo9qumBjLnfaP6IF/06R5sn5o5LdYHT0yz8ATXDL0AxZqRM2q6Au9Mwvcq2xg==",
      "requires": {
        "lodash": "^4.17.19",
        "prop-types": "^15.5.8",
        "victory-core": "^35.4.11"
      }
    },
    "victory-line": {
      "version": "35.4.11",
      "resolved": "https://registry.npmjs.org/victory-line/-/victory-line-35.4.11.tgz",
      "integrity": "sha512-LmkvY1wMvXhBYvnafaZbSS7JiOgGEJ0+qy3HuTtT66THOKBuxAo0T66BsURFTN7LpFvjBz2QRehrtJ/KWfOz9A==",
      "requires": {
        "d3-shape": "^1.2.0",
        "lodash": "^4.17.19",
        "prop-types": "^15.5.8",
        "victory-core": "^35.4.11"
      }
    },
    "victory-native": {
      "version": "35.3.1",
      "resolved": "https://registry.npmjs.org/victory-native/-/victory-native-35.3.1.tgz",
      "integrity": "sha512-VyBDZ0G8k9mcbT5H5ONpx8uxlozYb9QYKmTf0z98elvAxgSC33+rQ5jaEg9JbJ4IpG+ppXZmMXmaZ5qYKUXuwg==",
      "requires": {
        "lodash": "^4.17.19",
        "prop-types": "^15.5.10",
        "react-fast-compare": "^2.0.0",
        "victory": "^35.3.3",
        "victory-area": "^35.3.3",
        "victory-axis": "^35.3.3",
        "victory-bar": "^35.3.3",
        "victory-box-plot": "^35.3.3",
        "victory-brush-container": "^35.3.3",
        "victory-brush-line": "^35.3.3",
        "victory-candlestick": "^35.3.3",
        "victory-chart": "^35.3.3",
        "victory-core": "^35.3.3",
        "victory-create-container": "^35.3.3",
        "victory-cursor-container": "^35.3.3",
        "victory-errorbar": "^35.3.3",
        "victory-group": "^35.3.3",
        "victory-histogram": "^35.3.3",
        "victory-legend": "^35.3.3",
        "victory-line": "^35.3.3",
        "victory-pie": "^35.3.3",
        "victory-polar-axis": "^35.3.3",
        "victory-scatter": "^35.3.3",
        "victory-selection-container": "^35.3.3",
        "victory-shared-events": "^35.3.3",
        "victory-stack": "^35.3.3",
        "victory-tooltip": "^35.3.3",
        "victory-voronoi": "^35.3.3",
        "victory-voronoi-container": "^35.3.3",
        "victory-zoom-container": "^35.3.3"
      }
    },
    "victory-pie": {
      "version": "35.4.11",
      "resolved": "https://registry.npmjs.org/victory-pie/-/victory-pie-35.4.11.tgz",
      "integrity": "sha512-AAfm3oUQRTOMfMMWQh5spMq0YdnY+DU9V8NbU/TBmBmgvVwWcZQOZqHlYb4rd21HL26VwcHeRe+EfXdLLV7vHg==",
      "requires": {
        "d3-shape": "^1.0.0",
        "lodash": "^4.17.19",
        "prop-types": "^15.5.8",
        "victory-core": "^35.4.11"
      }
    },
    "victory-polar-axis": {
      "version": "35.4.11",
      "resolved": "https://registry.npmjs.org/victory-polar-axis/-/victory-polar-axis-35.4.11.tgz",
      "integrity": "sha512-yLrZ/PfcCRvw98zUBPB+LK9EoiYLBjellnILI3nAT5vCvKg1AnmBdF0lLuz0tM9jfcFdCL+1o2IO+r+OHKWTnw==",
      "requires": {
        "lodash": "^4.17.19",
        "prop-types": "^15.5.8",
        "victory-core": "^35.4.11"
      }
    },
    "victory-scatter": {
      "version": "35.4.11",
      "resolved": "https://registry.npmjs.org/victory-scatter/-/victory-scatter-35.4.11.tgz",
      "integrity": "sha512-IKcYa9tYwO2OIn12AotySRzpQ+tWAy71i/sdckw3lh3FBWDk6Zq+PVlICYDgKLuTsV2bUDQixYZGDQ5lcNIcmw==",
      "requires": {
        "lodash": "^4.17.19",
        "prop-types": "^15.5.8",
        "victory-core": "^35.4.11"
      }
    },
    "victory-selection-container": {
      "version": "35.4.11",
      "resolved": "https://registry.npmjs.org/victory-selection-container/-/victory-selection-container-35.4.11.tgz",
      "integrity": "sha512-+yuUd+Clt+BFD+moFgPCuU1pbiJrHwzncovUEnfKO668HKgEr1HbR67sd2ZDLVULhfG1JRwGnbzWAYnQBcjEoA==",
      "requires": {
        "lodash": "^4.17.19",
        "prop-types": "^15.5.8",
        "victory-core": "^35.4.11"
      }
    },
    "victory-shared-events": {
      "version": "35.4.11",
      "resolved": "https://registry.npmjs.org/victory-shared-events/-/victory-shared-events-35.4.11.tgz",
      "integrity": "sha512-OjoqLfIHX82iThVbZmytMDddzIKLTkIhfB2+qptGA7/2VKInmdQXi5IUjp904YJZls7oLLRMwXsGEwKKvZLLBw==",
      "requires": {
        "json-stringify-safe": "^5.0.1",
        "lodash": "^4.17.19",
        "prop-types": "^15.5.8",
        "react-fast-compare": "^2.0.0",
        "victory-core": "^35.4.11"
      }
    },
    "victory-stack": {
      "version": "35.4.11",
      "resolved": "https://registry.npmjs.org/victory-stack/-/victory-stack-35.4.11.tgz",
      "integrity": "sha512-NVVe1CI+BsKinJEFIfinOFex3cESI/NbeVG6lSJmxHkmh56B3ICYJvXbgLSTS5WKcExbSe6bkB3mMJrEZf1+eA==",
      "requires": {
        "lodash": "^4.17.19",
        "prop-types": "^15.5.8",
        "react-fast-compare": "^2.0.0",
        "victory-core": "^35.4.11",
        "victory-shared-events": "^35.4.11"
      }
    },
    "victory-tooltip": {
      "version": "35.4.11",
      "resolved": "https://registry.npmjs.org/victory-tooltip/-/victory-tooltip-35.4.11.tgz",
      "integrity": "sha512-nyhENyuy5/7Swl3H/q9T9g04TniPyE6vNvN+xkJw+KIHL8FivajjY7xtZhcUoid6ZUKWjcaYI1wu/TUpX9uMCg==",
      "requires": {
        "lodash": "^4.17.19",
        "prop-types": "^15.5.8",
        "victory-core": "^35.4.11"
      }
    },
    "victory-voronoi": {
      "version": "35.4.11",
      "resolved": "https://registry.npmjs.org/victory-voronoi/-/victory-voronoi-35.4.11.tgz",
      "integrity": "sha512-mPx8UcwPqGHaCDOIbTVD3/wOqBnelZqc6r6ssJfb3FT977t0kSJBrFC6a5NVopumvlPGONA4iZRCMVOu6aiirg==",
      "requires": {
        "d3-voronoi": "^1.1.2",
        "lodash": "^4.17.19",
        "prop-types": "^15.5.8",
        "victory-core": "^35.4.11"
      }
    },
    "victory-voronoi-container": {
      "version": "35.4.11",
      "resolved": "https://registry.npmjs.org/victory-voronoi-container/-/victory-voronoi-container-35.4.11.tgz",
      "integrity": "sha512-3KL5pN46+S0N1GSnNaTILgSXrmW/8Y6WryWhxlv/dgcDGd9j9V5gNF1OVBjqPeCYyu1jlszXB+PxMcE1CaCYEQ==",
      "requires": {
        "delaunay-find": "0.0.5",
        "lodash": "^4.17.19",
        "prop-types": "^15.5.8",
        "react-fast-compare": "^2.0.0",
        "victory-core": "^35.4.11",
        "victory-tooltip": "^35.4.11"
      }
    },
    "victory-zoom-container": {
      "version": "35.4.11",
      "resolved": "https://registry.npmjs.org/victory-zoom-container/-/victory-zoom-container-35.4.11.tgz",
      "integrity": "sha512-iCbBU2enQLAkFmOC2rqV1xh8voC+kgDoaxjlXsh39dkK7bjkzGHS7N4zFcIN31tJtulSzR1w3X/owjK3dTzHkQ==",
      "requires": {
        "lodash": "^4.17.19",
        "prop-types": "^15.5.8",
        "victory-core": "^35.4.11"
      }
    }
  }
}
